
Microsoft Visual Studio Solution File, Format Version 12.00
Project("{FAE04EC0-301F-11D3-BF4B-00C04F79EFBC}") = "ClinicApi", "ClinicApi\ClinicApi.csproj", "{26061680-251D-4A3A-A185-78EC9DE05FF6}"
EndProject
Global
	GlobalSection(SolutionConfigurationPlatforms) = preSolution
		Debug|Any CPU = Debug|Any CPU
		Release|Any CPU = Release|Any CPU
	EndGlobalSection
	GlobalSection(ProjectConfigurationPlatforms) = postSolution
		{26061680-251D-4A3A-A185-78EC9DE05FF6}.Debug|Any CPU.ActiveCfg = Debug|Any CPU
		{26061680-251D-4A3A-A185-78EC9DE05FF6}.Debug|Any CPU.Build.0 = Debug|Any CPU
		{26061680-251D-4A3A-A185-78EC9DE05FF6}.Release|Any CPU.ActiveCfg = Release|Any CPU
		{26061680-251D-4A3A-A185-78EC9DE05FF6}.Release|Any CPU.Build.0 = Release|Any CPU
	EndGlobalSection
EndGlobal
